
Microsoft Visual Studio Solution File, Format Version 12.00
# Visual Studio Version 16
VisualStudioVersion = 16.0.33927.289
MinimumVisualStudioVersion = 10.0.40219.1
Project("{2150E333-8FDC-42A3-9474-1A3956D46DE8}") = "Task0", "Task0", "{492DEFBA-D93C-40B3-8312-D75DA61642FE}"
EndProject
Project("{FAE04EC0-301F-11D3-BF4B-00C04F79EFBC}") = "Tyuiu.KozhevnikovDG.Sprint0.Task0.V0", "Tyuiu.KozhevnikovDG.Sprint0.Task0.V0\Tyuiu.KozhevnikovDG.Sprint0.Task0.V0.csproj", "{2E653FFC-8DF9-4F06-BD91-E3A21228F843}"
EndProject
Project("{2150E333-8FDC-42A3-9474-1A3956D46DE8}") = "Task1", "Task1", "{C2421D72-A39D-45C2-AAA2-019F7511CD61}"
EndProject
Project("{FAE04EC0-301F-11D3-BF4B-00C04F79EFBC}") = "Tyuiu.KozhevnikovDG.Sprint0.Task1.V0", "Tyuiu.KozhevnikovDG.Sprint0.Task1.V0\Tyuiu.KozhevnikovDG.Sprint0.Task1.V0.csproj", "{51A736EC-3E85-4BCD-83BA-FF9EF6E7E76E}"
EndProject
Project("{2150E333-8FDC-42A3-9474-1A3956D46DE8}") = "Task2", "Task2", "{87405DCE-E0B0-41A0-92B6-FA65AE962BC8}"
EndProject
Project("{FAE04EC0-301F-11D3-BF4B-00C04F79EFBC}") = "Tyuiu.KozhevnikovDG.Sprint0.Task2.V0", "Tyuiu.KozhevnikovDG.Sprint0.Task2.V0\Tyuiu.KozhevnikovDG.Sprint0.Task2.V0.csproj", "{1D9AE7A5-E56A-44B9-AE41-9C929504400E}"
EndProject
Project("{FAE04EC0-301F-11D3-BF4B-00C04F79EFBC}") = "Tyuiu.KozhevnikovDG.Sprint0.Task2.V0.Lib", "Tyuiu.KozhevnikovDG.Sprint0.Task2.V0.Lib\Tyuiu.KozhevnikovDG.Sprint0.Task2.V0.Lib.csproj", "{6A593CAB-4D82-4573-B8AC-7717B7F97A42}"
EndProject
Project("{FAE04EC0-301F-11D3-BF4B-00C04F79EFBC}") = "Tyuiu.KozhevnikovDG.Sprint0.Task2.V0.Test", "Tyuiu.KozhevnikovDG.Sprint0.Task2.V0.Test\Tyuiu.KozhevnikovDG.Sprint0.Task2.V0.Test.csproj", "{B9C076ED-CDA0-4C72-B084-9937DF510310}"
EndProject
Project("{2150E333-8FDC-42A3-9474-1A3956D46DE8}") = "Task3", "Task3", "{0F15EC60-1862-40A9-82E4-2BC4D653E40A}"
EndProject
Project("{FAE04EC0-301F-11D3-BF4B-00C04F79EFBC}") = "Tyuiu.KozhevnikovDG.Sprint0.Task3.V0", "Tyuiu.KozhevnikovDG.Sprint0.Task3.V0\Tyuiu.KozhevnikovDG.Sprint0.Task3.V0.csproj", "{4B4AE869-4733-4033-AB55-D44EE4B02538}"
EndProject
Project("{FAE04EC0-301F-11D3-BF4B-00C04F79EFBC}") = "Tyuiu.KozhevnikovDG.Sprint0.Task3.V0.Lib", "Tyuiu.KozhevnikovDG.Sprint0.Task3.V0.Lib\Tyuiu.KozhevnikovDG.Sprint0.Task3.V0.Lib.csproj", "{4309F2A6-1745-408D-91AF-F23FA74C0A16}"
EndProject
Project("{FAE04EC0-301F-11D3-BF4B-00C04F79EFBC}") = "Tyuiu.KozhevnikovDG.Sprint0.Task3.V0.Test", "Tyuiu.KozhevnikovDG.Sprint0.Task3.V0.Test\Tyuiu.KozhevnikovDG.Sprint0.Task3.V0.Test.csproj", "{923FFD6E-2BC9-4EC7-9435-777E890970D7}"
EndProject
Project("{2150E333-8FDC-42A3-9474-1A3956D46DE8}") = "Task4", "Task4", "{94F253E5-B465-4934-971A-89A7D4CAF6FF}"
EndProject
Project("{FAE04EC0-301F-11D3-BF4B-00C04F79EFBC}") = "Tyuiu.KozhevnikovDG.Sprint0.Task4.V0", "Tyuiu.KozhevnikovDG.Sprint0.Task4.V0\Tyuiu.KozhevnikovDG.Sprint0.Task4.V0.csproj", "{0AB53339-CB64-4ECE-A8A1-38EFD731762A}"
EndProject
Project("{FAE04EC0-301F-11D3-BF4B-00C04F79EFBC}") = "Tyuiu.KozhevnikovDG.Sprint0.Task4.V0.Lib", "Tyuiu.KozhevnikovDG.Sprint0.Task4.V0.Lib\Tyuiu.KozhevnikovDG.Sprint0.Task4.V0.Lib.csproj", "{AD86EB34-3514-4E8A-A3C2-70D87EA6C8C4}"
EndProject
Project("{FAE04EC0-301F-11D3-BF4B-00C04F79EFBC}") = "Tyuiu.KozhevnikovDG.Sprint0.Task4.V0.Test", "Tyuiu.KozhevnikovDG.Sprint0.Task4.V0.Test\Tyuiu.KozhevnikovDG.Sprint0.Task4.V0.Test.csproj", "{9A9E1A2A-E0BB-40C5-8F37-EBF2FE1E90B7}"
EndProject
Project("{2150E333-8FDC-42A3-9474-1A3956D46DE8}") = "Task5", "Task5", "{DD3377B7-F51A-439B-B4C8-9A6DF0EDF196}"
EndProject
Project("{FAE04EC0-301F-11D3-BF4B-00C04F79EFBC}") = "Tyuiu.KozhevnikovDG.Spint0.Task5.V0", "Tyuiu.KozhevnikovDG.Spint0.Task5.V0\Tyuiu.KozhevnikovDG.Spint0.Task5.V0.csproj", "{4E30113A-A012-4EED-9B9D-E44DBF2B5459}"
EndProject
Project("{FAE04EC0-301F-11D3-BF4B-00C04F79EFBC}") = "Tyuiu.KozhevnikovDG.Sprint0.Task5.V0.Lib", "Tyuiu.KozhevnikovDG.Sprint0.Task5.V0.Lib\Tyuiu.KozhevnikovDG.Sprint0.Task5.V0.Lib.csproj", "{3878965E-DB33-4FA6-91E8-9101398390C6}"
EndProject
Project("{FAE04EC0-301F-11D3-BF4B-00C04F79EFBC}") = "Tyuiu.KozhevnikovDG.Sprint0.Task5.V0.Test", "Tyuiu.KozhevnikovDG.Sprint0.Task5.V0.Test\Tyuiu.KozhevnikovDG.Sprint0.Task5.V0.Test.csproj", "{E28B4127-9EB3-4C52-B723-C1AA88F42A08}"
EndProject
Global
	GlobalSection(SolutionConfigurationPlatforms) = preSolution
		Debug|Any CPU = Debug|Any CPU
		Release|Any CPU = Release|Any CPU
	EndGlobalSection
	GlobalSection(ProjectConfigurationPlatforms) = postSolution
		{2E653FFC-8DF9-4F06-BD91-E3A21228F843}.Debug|Any CPU.ActiveCfg = Debug|Any CPU
		{2E653FFC-8DF9-4F06-BD91-E3A21228F843}.Debug|Any CPU.Build.0 = Debug|Any CPU
		{2E653FFC-8DF9-4F06-BD91-E3A21228F843}.Release|Any CPU.ActiveCfg = Release|Any CPU
		{2E653FFC-8DF9-4F06-BD91-E3A21228F843}.Release|Any CPU.Build.0 = Release|Any CPU
		{51A736EC-3E85-4BCD-83BA-FF9EF6E7E76E}.Debug|Any CPU.ActiveCfg = Debug|Any CPU
		{51A736EC-3E85-4BCD-83BA-FF9EF6E7E76E}.Debug|Any CPU.Build.0 = Debug|Any CPU
		{51A736EC-3E85-4BCD-83BA-FF9EF6E7E76E}.Release|Any CPU.ActiveCfg = Release|Any CPU
		{51A736EC-3E85-4BCD-83BA-FF9EF6E7E76E}.Release|Any CPU.Build.0 = Release|Any CPU
		{1D9AE7A5-E56A-44B9-AE41-9C929504400E}.Debug|Any CPU.ActiveCfg = Debug|Any CPU
		{1D9AE7A5-E56A-44B9-AE41-9C929504400E}.Debug|Any CPU.Build.0 = Debug|Any CPU
		{1D9AE7A5-E56A-44B9-AE41-9C929504400E}.Release|Any CPU.ActiveCfg = Release|Any CPU
		{1D9AE7A5-E56A-44B9-AE41-9C929504400E}.Release|Any CPU.Build.0 = Release|Any CPU
		{6A593CAB-4D82-4573-B8AC-7717B7F97A42}.Debug|Any CPU.ActiveCfg = Debug|Any CPU
		{6A593CAB-4D82-4573-B8AC-7717B7F97A42}.Debug|Any CPU.Build.0 = Debug|Any CPU
		{6A593CAB-4D82-4573-B8AC-7717B7F97A42}.Release|Any CPU.ActiveCfg = Release|Any CPU
		{6A593CAB-4D82-4573-B8AC-7717B7F97A42}.Release|Any CPU.Build.0 = Release|Any CPU
		{B9C076ED-CDA0-4C72-B084-9937DF510310}.Debug|Any CPU.ActiveCfg = Debug|Any CPU
		{B9C076ED-CDA0-4C72-B084-9937DF510310}.Debug|Any CPU.Build.0 = Debug|Any CPU
		{B9C076ED-CDA0-4C72-B084-9937DF510310}.Release|Any CPU.ActiveCfg = Release|Any CPU
		{B9C076ED-CDA0-4C72-B084-9937DF510310}.Release|Any CPU.Build.0 = Release|Any CPU
		{4B4AE869-4733-4033-AB55-D44EE4B02538}.Debug|Any CPU.ActiveCfg = Debug|Any CPU
		{4B4AE869-4733-4033-AB55-D44EE4B02538}.Debug|Any CPU.Build.0 = Debug|Any CPU
		{4B4AE869-4733-4033-AB55-D44EE4B02538}.Release|Any CPU.ActiveCfg = Release|Any CPU
		{4B4AE869-4733-4033-AB55-D44EE4B02538}.Release|Any CPU.Build.0 = Release|Any CPU
		{4309F2A6-1745-408D-91AF-F23FA74C0A16}.Debug|Any CPU.ActiveCfg = Debug|Any CPU
		{4309F2A6-1745-408D-91AF-F23FA74C0A16}.Debug|Any CPU.Build.0 = Debug|Any CPU
		{4309F2A6-1745-408D-91AF-F23FA74C0A16}.Release|Any CPU.ActiveCfg = Release|Any CPU
		{4309F2A6-1745-408D-91AF-F23FA74C0A16}.Release|Any CPU.Build.0 = Release|Any CPU
		{923FFD6E-2BC9-4EC7-9435-777E890970D7}.Debug|Any CPU.ActiveCfg = Debug|Any CPU
		{923FFD6E-2BC9-4EC7-9435-777E890970D7}.Debug|Any CPU.Build.0 = Debug|Any CPU
		{923FFD6E-2BC9-4EC7-9435-777E890970D7}.Release|Any CPU.ActiveCfg = Release|Any CPU
		{923FFD6E-2BC9-4EC7-9435-777E890970D7}.Release|Any CPU.Build.0 = Release|Any CPU
		{0AB53339-CB64-4ECE-A8A1-38EFD731762A}.Debug|Any CPU.ActiveCfg = Debug|Any CPU
		{0AB53339-CB64-4ECE-A8A1-38EFD731762A}.Debug|Any CPU.Build.0 = Debug|Any CPU
		{0AB53339-CB64-4ECE-A8A1-38EFD731762A}.Release|Any CPU.ActiveCfg = Release|Any CPU
		{0AB53339-CB64-4ECE-A8A1-38EFD731762A}.Release|Any CPU.Build.0 = Release|Any CPU
		{AD86EB34-3514-4E8A-A3C2-70D87EA6C8C4}.Debug|Any CPU.ActiveCfg = Debug|Any CPU
		{AD86EB34-3514-4E8A-A3C2-70D87EA6C8C4}.Debug|Any CPU.Build.0 = Debug|Any CPU
		{AD86EB34-3514-4E8A-A3C2-70D87EA6C8C4}.Release|Any CPU.ActiveCfg = Release|Any CPU
		{AD86EB34-3514-4E8A-A3C2-70D87EA6C8C4}.Release|Any CPU.Build.0 = Release|Any CPU
		{9A9E1A2A-E0BB-40C5-8F37-EBF2FE1E90B7}.Debug|Any CPU.ActiveCfg = Debug|Any CPU
		{9A9E1A2A-E0BB-40C5-8F37-EBF2FE1E90B7}.Debug|Any CPU.Build.0 = Debug|Any CPU
		{9A9E1A2A-E0BB-40C5-8F37-EBF2FE1E90B7}.Release|Any CPU.ActiveCfg = Release|Any CPU
		{9A9E1A2A-E0BB-40C5-8F37-EBF2FE1E90B7}.Release|Any CPU.Build.0 = Release|Any CPU
		{4E30113A-A012-4EED-9B9D-E44DBF2B5459}.Debug|Any CPU.ActiveCfg = Debug|Any CPU
		{4E30113A-A012-4EED-9B9D-E44DBF2B5459}.Debug|Any CPU.Build.0 = Debug|Any CPU
		{4E30113A-A012-4EED-9B9D-E44DBF2B5459}.Release|Any CPU.ActiveCfg = Release|Any CPU
		{4E30113A-A012-4EED-9B9D-E44DBF2B5459}.Release|Any CPU.Build.0 = Release|Any CPU
		{3878965E-DB33-4FA6-91E8-9101398390C6}.Debug|Any CPU.ActiveCfg = Debug|Any CPU
		{3878965E-DB33-4FA6-91E8-9101398390C6}.Debug|Any CPU.Build.0 = Debug|Any CPU
		{3878965E-DB33-4FA6-91E8-9101398390C6}.Release|Any CPU.ActiveCfg = Release|Any CPU
		{3878965E-DB33-4FA6-91E8-9101398390C6}.Release|Any CPU.Build.0 = Release|Any CPU
		{E28B4127-9EB3-4C52-B723-C1AA88F42A08}.Debug|Any CPU.ActiveCfg = Debug|Any CPU
		{E28B4127-9EB3-4C52-B723-C1AA88F42A08}.Debug|Any CPU.Build.0 = Debug|Any CPU
		{E28B4127-9EB3-4C52-B723-C1AA88F42A08}.Release|Any CPU.ActiveCfg = Release|Any CPU
		{E28B4127-9EB3-4C52-B723-C1AA88F42A08}.Release|Any CPU.Build.0 = Release|Any CPU
	EndGlobalSection
	GlobalSection(SolutionProperties) = preSolution
		HideSolutionNode = FALSE
	EndGlobalSection
	GlobalSection(NestedProjects) = preSolution
		{2E653FFC-8DF9-4F06-BD91-E3A21228F843} = {492DEFBA-D93C-40B3-8312-D75DA61642FE}
		{51A736EC-3E85-4BCD-83BA-FF9EF6E7E76E} = {C2421D72-A39D-45C2-AAA2-019F7511CD61}
		{1D9AE7A5-E56A-44B9-AE41-9C929504400E} = {87405DCE-E0B0-41A0-92B6-FA65AE962BC8}
		{6A593CAB-4D82-4573-B8AC-7717B7F97A42} = {87405DCE-E0B0-41A0-92B6-FA65AE962BC8}
		{B9C076ED-CDA0-4C72-B084-9937DF510310} = {87405DCE-E0B0-41A0-92B6-FA65AE962BC8}
		{4B4AE869-4733-4033-AB55-D44EE4B02538} = {0F15EC60-1862-40A9-82E4-2BC4D653E40A}
		{4309F2A6-1745-408D-91AF-F23FA74C0A16} = {0F15EC60-1862-40A9-82E4-2BC4D653E40A}
		{923FFD6E-2BC9-4EC7-9435-777E890970D7} = {0F15EC60-1862-40A9-82E4-2BC4D653E40A}
		{0AB53339-CB64-4ECE-A8A1-38EFD731762A} = {94F253E5-B465-4934-971A-89A7D4CAF6FF}
		{AD86EB34-3514-4E8A-A3C2-70D87EA6C8C4} = {94F253E5-B465-4934-971A-89A7D4CAF6FF}
		{9A9E1A2A-E0BB-40C5-8F37-EBF2FE1E90B7} = {94F253E5-B465-4934-971A-89A7D4CAF6FF}
		{4E30113A-A012-4EED-9B9D-E44DBF2B5459} = {DD3377B7-F51A-439B-B4C8-9A6DF0EDF196}
		{3878965E-DB33-4FA6-91E8-9101398390C6} = {DD3377B7-F51A-439B-B4C8-9A6DF0EDF196}
		{E28B4127-9EB3-4C52-B723-C1AA88F42A08} = {DD3377B7-F51A-439B-B4C8-9A6DF0EDF196}
	EndGlobalSection
	GlobalSection(ExtensibilityGlobals) = postSolution
		SolutionGuid = {B86C136E-34C0-4732-8B08-63D9CC251E19}
	EndGlobalSection
EndGlobal
